
Microsoft Visual Studio Solution File, Format Version 12.00
# Visual Studio Version 17
VisualStudioVersion = 17.11.35327.3
MinimumVisualStudioVersion = 10.0.40219.1
Project("{FAE04EC0-301F-11D3-BF4B-00C04F79EFBC}") = "Конвертор величин", "Конвертор величин\Конвертор величин.csproj", "{AFA9F71C-E6CF-43F3-994D-5EC336E233E0}"
EndProject
Global
	GlobalSection(SolutionConfigurationPlatforms) = preSolution
		Debug|Any CPU = Debug|Any CPU
		Release|Any CPU = Release|Any CPU
	EndGlobalSection
	GlobalSection(ProjectConfigurationPlatforms) = postSolution
		{AFA9F71C-E6CF-43F3-994D-5EC336E233E0}.Debug|Any CPU.ActiveCfg = Debug|Any CPU
		{AFA9F71C-E6CF-43F3-994D-5EC336E233E0}.Debug|Any CPU.Build.0 = Debug|Any CPU
		{AFA9F71C-E6CF-43F3-994D-5EC336E233E0}.Release|Any CPU.ActiveCfg = Release|Any CPU
		{AFA9F71C-E6CF-43F3-994D-5EC336E233E0}.Release|Any CPU.Build.0 = Release|Any CPU
	EndGlobalSection
	GlobalSection(SolutionProperties) = preSolution
		HideSolutionNode = FALSE
	EndGlobalSection
	GlobalSection(ExtensibilityGlobals) = postSolution
		SolutionGuid = {C0B13186-5336-4C2B-A4A3-B63023C572DC}
	EndGlobalSection
EndGlobal
